
Microsoft Visual Studio Solution File, Format Version 12.00
# Visual Studio Version 16
VisualStudioVersion = 16.0.30804.86
MinimumVisualStudioVersion = 10.0.40219.1
Project("{FAE04EC0-301F-11D3-BF4B-00C04F79EFBC}") = "SAOD_4", "SAOD_4.csproj", "{FE9D9AA5-136B-4D42-91EB-618041957655}"
EndProject
Global
	GlobalSection(SolutionConfigurationPlatforms) = preSolution
		Debug|Any CPU = Debug|Any CPU
		Release|Any CPU = Release|Any CPU
	EndGlobalSection
	GlobalSection(ProjectConfigurationPlatforms) = postSolution
		{FE9D9AA5-136B-4D42-91EB-618041957655}.Debug|Any CPU.ActiveCfg = Debug|Any CPU
		{FE9D9AA5-136B-4D42-91EB-618041957655}.Debug|Any CPU.Build.0 = Debug|Any CPU
		{FE9D9AA5-136B-4D42-91EB-618041957655}.Release|Any CPU.ActiveCfg = Release|Any CPU
		{FE9D9AA5-136B-4D42-91EB-618041957655}.Release|Any CPU.Build.0 = Release|Any CPU
	EndGlobalSection
	GlobalSection(SolutionProperties) = preSolution
		HideSolutionNode = FALSE
	EndGlobalSection
	GlobalSection(ExtensibilityGlobals) = postSolution
		SolutionGuid = {79E261E2-9150-4773-B19C-21323A39B2C6}
	EndGlobalSection
EndGlobal
